{
  "name": "@magi-agi/mcp-server",
  "version": "0.1.0",
  "lockfileVersion": 3,
  "requires": true,
  "packages": {
    "": {
      "name": "@magi-agi/mcp-server",
      "version": "0.1.0",
      "hasInstallScript": true,
      "license": "MIT",
      "os": [
        "darwin",
        "linux",
        "win32"
      ],
      "bin": {
        "magi-archive-mcp": "bin/mcp-server-npm.js"
      },
      "engines": {
        "node": ">=16.0.0"
      }
    }
  }
}
